Microsoft Visual Studio Solution File, Format Version 12.00
# Visual Studio Version 17
VisualStudioVersion = 17.5.2.0
MinimumVisualStudioVersion = 10.0.40219.1
Project("{FAE04EC0-301F-11D3-BF4B-00C04F79EFBC}") = "RevenantCore", "RevenantCore/RevenantCore.csproj", "{D79F62D2-2FF0-C3C2-CD53-25626C500FB5}"
Project("{2D2968FF-2A4D-4341-923E-BC53C7D8EECD}") = "RevenantCore.Tests", "RevenantCore.Tests/RevenantCore.Tests.csproj", "{40C09416-388E-4B3D-B892-772CE49E05FC}"
EndProject
Global
	GlobalSection(SolutionConfigurationPlatforms) = preSolution
		Debug|Any CPU = Debug|Any CPU
		Release|Any CPU = Release|Any CPU
	EndGlobalSection
	GlobalSection(ProjectConfigurationPlatforms) = postSolution
		{D79F62D2-2FF0-C3C2-CD53-25626C500FB5}.Debug|Any CPU.ActiveCfg = Debug|Any CPU
		{D79F62D2-2FF0-C3C2-CD53-25626C500FB5}.Debug|Any CPU.Build.0 = Debug|Any CPU
		{D79F62D2-2FF0-C3C2-CD53-25626C500FB5}.Release|Any CPU.ActiveCfg = Release|Any CPU
		{D79F62D2-2FF0-C3C2-CD53-25626C500FB5}.Release|Any CPU.Build.0 = Release|Any CPU
	EndGlobalSection
	GlobalSection(SolutionProperties) = preSolution
		HideSolutionNode = FALSE
	EndGlobalSection
	GlobalSection(ExtensibilityGlobals) = postSolution
		SolutionGuid = {2CA45EF2-1D42-4782-9CF4-FE794437CDCB}
	EndGlobalSection
EndGlobal

